
Microsoft Visual Studio Solution File, Format Version 12.00
# Visual Studio Version 16
VisualStudioVersion = 16.0.29306.81
MinimumVisualStudioVersion = 10.0.40219.1
Project("{FAE04EC0-301F-11D3-BF4B-00C04F79EFBC}") = "DataAccess", "DataAccess\DataAccess.csproj", "{A5AC459D-6C0A-4D6E-AD65-ECB3E0FEC3A7}"
EndProject
Project("{FAE04EC0-301F-11D3-BF4B-00C04F79EFBC}") = "DataModeling", "DataModeling\DataModeling.csproj", "{19F408EA-65D7-4AD6-A96D-0F6E5FBE7875}"
EndProject
Project("{FAE04EC0-301F-11D3-BF4B-00C04F79EFBC}") = "UserInterface", "UserInterface\UserInterface.csproj", "{76F6E7C2-2364-4153-9DF1-4ABA2A68262A}"
EndProject
Global
	GlobalSection(SolutionConfigurationPlatforms) = preSolution
		Debug|Any CPU = Debug|Any CPU
		Release|Any CPU = Release|Any CPU
	EndGlobalSection
	GlobalSection(ProjectConfigurationPlatforms) = postSolution
		{A5AC459D-6C0A-4D6E-AD65-ECB3E0FEC3A7}.Debug|Any CPU.ActiveCfg = Debug|Any CPU
		{A5AC459D-6C0A-4D6E-AD65-ECB3E0FEC3A7}.Debug|Any CPU.Build.0 = Debug|Any CPU
		{A5AC459D-6C0A-4D6E-AD65-ECB3E0FEC3A7}.Release|Any CPU.ActiveCfg = Release|Any CPU
		{A5AC459D-6C0A-4D6E-AD65-ECB3E0FEC3A7}.Release|Any CPU.Build.0 = Release|Any CPU
		{19F408EA-65D7-4AD6-A96D-0F6E5FBE7875}.Debug|Any CPU.ActiveCfg = Debug|Any CPU
		{19F408EA-65D7-4AD6-A96D-0F6E5FBE7875}.Debug|Any CPU.Build.0 = Debug|Any CPU
		{19F408EA-65D7-4AD6-A96D-0F6E5FBE7875}.Release|Any CPU.ActiveCfg = Release|Any CPU
		{19F408EA-65D7-4AD6-A96D-0F6E5FBE7875}.Release|Any CPU.Build.0 = Release|Any CPU
		{76F6E7C2-2364-4153-9DF1-4ABA2A68262A}.Debug|Any CPU.ActiveCfg = Debug|Any CPU
		{76F6E7C2-2364-4153-9DF1-4ABA2A68262A}.Debug|Any CPU.Build.0 = Debug|Any CPU
		{76F6E7C2-2364-4153-9DF1-4ABA2A68262A}.Release|Any CPU.ActiveCfg = Release|Any CPU
		{76F6E7C2-2364-4153-9DF1-4ABA2A68262A}.Release|Any CPU.Build.0 = Release|Any CPU
	EndGlobalSection
	GlobalSection(SolutionProperties) = preSolution
		HideSolutionNode = FALSE
	EndGlobalSection
	GlobalSection(ExtensibilityGlobals) = postSolution
		SolutionGuid = {245F9E27-B442-4B62-8F5B-01CC5F8BC4B7}
	EndGlobalSection
EndGlobal
